PODS:
  - DifferenceKit (0.5.3):
    - DifferenceKit/Core (= 0.5.3)
    - DifferenceKit/UIExtensions (= 0.5.3)
  - DifferenceKit/Core (0.5.3)
  - DifferenceKit/UIExtensions (0.5.3):
    - DifferenceKit/Core
  - RocketChatViewController (0.1.0):
    - RocketChatViewController/Composer (= 0.1.0)
    - RocketChatViewController/ViewController (= 0.1.0)
  - RocketChatViewController/Composer (0.1.0)
  - RocketChatViewController/ViewController (0.1.0):
    - DifferenceKit (~> 0.5.3)

DEPENDENCIES:
  - DifferenceKit/Core (~> 0.5.3)
  - RocketChatViewController (from `../`)

SPEC REPOS:
  https://github.com/cocoapods/specs.git:
    - DifferenceKit

EXTERNAL SOURCES:
  RocketChatViewController:
    :path: "../"

SPEC CHECKSUMS:
  DifferenceKit: 2037137305c55a39ff729baa72697efa30b1052d
  RocketChatViewController: ec9b265cde9dcf251d173588974405bc649f67fc

PODFILE CHECKSUM: 5ea8a150f246234c0e33ada810343be53fc57bc2

COCOAPODS: 1.5.3
